// !$*UTF8*$!
{
	archiveVersion = 1;
	classes = {
	};
	objectVersion = 46;
	objects = {

/* Begin PBXBuildFile section */
		848333131CC6259D006E6E8D /* AppDelegate.swift in Sources */ = {isa = PBXBuildFile; fileRef = 848333121CC6259D006E6E8D /* AppDelegate.swift */; };
		848333151CC6259D006E6E8D /* ViewController.swift in Sources */ = {isa = PBXBuildFile; fileRef = 848333141CC6259D006E6E8D /* ViewController.swift */; };
		848333171CC6259D006E6E8D /* Assets.xcassets in Resources */ = {isa = PBXBuildFile; fileRef = 848333161CC6259D006E6E8D /* Assets.xcassets */; };
		8483331A1CC6259E006E6E8D /* Main.storyboard in Resources */ = {isa = PBXBuildFile; fileRef = 848333181CC6259E006E6E8D /* Main.storyboard */; };
		848333251CC6259E006E6E8D /* nlp100Tests.swift in Sources */ = {isa = PBXBuildFile; fileRef = 848333241CC6259E006E6E8D /* nlp100Tests.swift */; };
		848333301CC6259E006E6E8D /* nlp100UITests.swift in Sources */ = {isa = PBXBuildFile; fileRef = 8483332F1CC6259E006E6E8D /* nlp100UITests.swift */; };
		848333401CC6264D006E6E8D /* Nlp100.swift in Sources */ = {isa = PBXBuildFile; fileRef = 8483333F1CC6264D006E6E8D /* Nlp100.swift */; };
		848333431CC739C7006E6E8D /* NN.swift in Sources */ = {isa = PBXBuildFile; fileRef = 848333421CC739C7006E6E8D /* NN.swift */; };
/* End PBXBuildFile section */

/* Begin PBXContainerItemProxy section */
		848333211CC6259E006E6E8D /* PBXContainerItemProxy */ = {
			isa = PBXContainerItemProxy;
			containerPortal = 848333071CC6259D006E6E8D /* Project object */;
			proxyType = 1;
			remoteGlobalIDString = 8483330E1CC6259D006E6E8D;
			remoteInfo = nlp100;
		};
		8483332C1CC6259E006E6E8D /* PBXContainerItemProxy */ = {
			isa = PBXContainerItemProxy;
			containerPortal = 848333071CC6259D006E6E8D /* Project object */;
			proxyType = 1;
			remoteGlobalIDString = 8483330E1CC6259D006E6E8D;
			remoteInfo = nlp100;
		};
/* End PBXContainerItemProxy section */

/* Begin PBXFileReference section */
		8483330F1CC6259D006E6E8D /* nlp100.app */ = {isa = PBXFileReference; explicitFileType = wrapper.application; includeInIndex = 0; path = nlp100.app; sourceTree = BUILT_PRODUCTS_DIR; };
		848333121CC6259D006E6E8D /* AppDelegate.swift */ = {isa = PBXFileReference; lastKnownFileType = sourcecode.swift; path = AppDelegate.swift; sourceTree = "<group>"; };
		848333141CC6259D006E6E8D /* ViewController.swift */ = {isa = PBXFileReference; lastKnownFileType = sourcecode.swift; name = ViewController.swift; path = nlp100/ViewController.swift; sourceTree = SOURCE_ROOT; };
		848333161CC6259D006E6E8D /* Assets.xcassets */ = {isa = PBXFileReference; lastKnownFileType = folder.assetcatalog; path = Assets.xcassets; sourceTree = "<group>"; };
		848333191CC6259E006E6E8D /* Base */ = {isa = PBXFileReference; lastKnownFileType = file.storyboard; name = Base; path = Base.lproj/Main.storyboard; sourceTree = "<group>"; };
		8483331B1CC6259E006E6E8D /* Info.plist */ = {isa = PBXFileReference; lastKnownFileType = text.plist.xml; path = Info.plist; sourceTree = "<group>"; };
		848333201CC6259E006E6E8D /* nlp100Tests.xctest */ = {isa = PBXFileReference; explicitFileType = wrapper.cfbundle; includeInIndex = 0; path = nlp100Tests.xctest; sourceTree = BUILT_PRODUCTS_DIR; };
		848333241CC6259E006E6E8D /* nlp100Tests.swift */ = {isa = PBXFileReference; lastKnownFileType = sourcecode.swift; path = nlp100Tests.swift; sourceTree = "<group>"; };
		848333261CC6259E006E6E8D /* Info.plist */ = {isa = PBXFileReference; lastKnownFileType = text.plist.xml; path = Info.plist; sourceTree = "<group>"; };
		8483332B1CC6259E006E6E8D /* nlp100UITests.xctest */ = {isa = PBXFileReference; explicitFileType = wrapper.cfbundle; includeInIndex = 0; path = nlp100UITests.xctest; sourceTree = BUILT_PRODUCTS_DIR; };
		8483332F1CC6259E006E6E8D /* nlp100UITests.swift */ = {isa = PBXFileReference; lastKnownFileType = sourcecode.swift; path = nlp100UITests.swift; sourceTree = "<group>"; };
		848333311CC6259E006E6E8D /* Info.plist */ = {isa = PBXFileReference; lastKnownFileType = text.plist.xml; path = Info.plist; sourceTree = "<group>"; };
		8483333F1CC6264D006E6E8D /* Nlp100.swift */ = {isa = PBXFileReference; fileEncoding = 4; lastKnownFileType = sourcecode.swift; path = Nlp100.swift; sourceTree = "<group>"; };
		848333421CC739C7006E6E8D /* NN.swift */ = {isa = PBXFileReference; fileEncoding = 4; lastKnownFileType = sourcecode.swift; path = NN.swift; sourceTree = "<group>"; };
/* End PBXFileReference section */

/* Begin PBXFrameworksBuildPhase section */
		8483330C1CC6259D006E6E8D /* Frameworks */ = {
			isa = PBXFrameworksBuildPhase;
			buildActionMask = 2147483647;
			files = (
			);
			runOnlyForDeploymentPostprocessing = 0;
		};
		8483331D1CC6259E006E6E8D /* Frameworks */ = {
			isa = PBXFrameworksBuildPhase;
			buildActionMask = 2147483647;
			files = (
			);
			runOnlyForDeploymentPostprocessing = 0;
		};
		848333281CC6259E006E6E8D /* Frameworks */ = {
			isa = PBXFrameworksBuildPhase;
			buildActionMask = 2147483647;
			files = (
			);
			runOnlyForDeploymentPostprocessing = 0;
		};
/* End PBXFrameworksBuildPhase section */

/* Begin PBXGroup section */
		848333061CC6259D006E6E8D = {
			isa = PBXGroup;
			children = (
				848333111CC6259D006E6E8D /* nlp100 */,
				848333231CC6259E006E6E8D /* nlp100Tests */,
				8483332E1CC6259E006E6E8D /* nlp100UITests */,
				848333101CC6259D006E6E8D /* Products */,
			);
			sourceTree = "<group>";
		};
		848333101CC6259D006E6E8D /* Products */ = {
			isa = PBXGroup;
			children = (
				8483330F1CC6259D006E6E8D /* nlp100.app */,
				848333201CC6259E006E6E8D /* nlp100Tests.xctest */,
				8483332B1CC6259E006E6E8D /* nlp100UITests.xctest */,
			);
			name = Products;
			sourceTree = "<group>";
		};
		848333111CC6259D006E6E8D /* nlp100 */ = {
			isa = PBXGroup;
			children = (
				848333411CC739A8006E6E8D /* NN */,
				8483333E1CC625F8006E6E8D /* nlp */,
				8483333D1CC625D2006E6E8D /* ViewController */,
				848333121CC6259D006E6E8D /* AppDelegate.swift */,
				848333161CC6259D006E6E8D /* Assets.xcassets */,
				848333181CC6259E006E6E8D /* Main.storyboard */,
				8483331B1CC6259E006E6E8D /* Info.plist */,
			);
			path = nlp100;
			sourceTree = "<group>";
		};
		848333231CC6259E006E6E8D /* nlp100Tests */ = {
			isa = PBXGroup;
			children = (
				848333241CC6259E006E6E8D /* nlp100Tests.swift */,
				848333261CC6259E006E6E8D /* Info.plist */,
			);
			path = nlp100Tests;
			sourceTree = "<group>";
		};
		8483332E1CC6259E006E6E8D /* nlp100UITests */ = {
			isa = PBXGroup;
			children = (
				8483332F1CC6259E006E6E8D /* nlp100UITests.swift */,
				848333311CC6259E006E6E8D /* Info.plist */,
			);
			path = nlp100UITests;
			sourceTree = "<group>";
		};
		8483333D1CC625D2006E6E8D /* ViewController */ = {
			isa = PBXGroup;
			children = (
				848333141CC6259D006E6E8D /* ViewController.swift */,
			);
			path = ViewController;
			sourceTree = "<group>";
		};
		8483333E1CC625F8006E6E8D /* nlp */ = {
			isa = PBXGroup;
			children = (
				8483333F1CC6264D006E6E8D /* Nlp100.swift */,
			);
			path = nlp;
			sourceTree = "<group>";
		};
		848333411CC739A8006E6E8D /* NN */ = {
			isa = PBXGroup;
			children = (
				848333421CC739C7006E6E8D /* NN.swift */,
			);
			path = NN;
			sourceTree = "<group>";
		};
/* End PBXGroup section */

/* Begin PBXNativeTarget section */
		8483330E1CC6259D006E6E8D /* nlp100 */ = {
			isa = PBXNativeTarget;
			buildConfigurationList = 848333341CC6259E006E6E8D /* Build configuration list for PBXNativeTarget "nlp100" */;
			buildPhases = (
				8483330B1CC6259D006E6E8D /* Sources */,
				8483330C1CC6259D006E6E8D /* Frameworks */,
				8483330D1CC6259D006E6E8D /* Resources */,
			);
			buildRules = (
			);
			dependencies = (
			);
			name = nlp100;
			productName = nlp100;
			productReference = 8483330F1CC6259D006E6E8D /* nlp100.app */;
			productType = "com.apple.product-type.application";
		};
		8483331F1CC6259E006E6E8D /* nlp100Tests */ = {
			isa = PBXNativeTarget;
			buildConfigurationList = 848333371CC6259E006E6E8D /* Build configuration list for PBXNativeTarget "nlp100Tests" */;
			buildPhases = (
				8483331C1CC6259E006E6E8D /* Sources */,
				8483331D1CC6259E006E6E8D /* Frameworks */,
				8483331E1CC6259E006E6E8D /* Resources */,
			);
			buildRules = (
			);
			dependencies = (
				848333221CC6259E006E6E8D /* PBXTargetDependency */,
			);
			name = nlp100Tests;
			productName = nlp100Tests;
			productReference = 848333201CC6259E006E6E8D /* nlp100Tests.xctest */;
			productType = "com.apple.product-type.bundle.unit-test";
		};
		8483332A1CC6259E006E6E8D /* nlp100UITests */ = {
			isa = PBXNativeTarget;
			buildConfigurationList = 8483333A1CC6259E006E6E8D /* Build configuration list for PBXNativeTarget "nlp100UITests" */;
			buildPhases = (
				848333271CC6259E006E6E8D /* Sources */,
				848333281CC6259E006E6E8D /* Frameworks */,
				848333291CC6259E006E6E8D /* Resources */,
			);
			buildRules = (
			);
			dependencies = (
				8483332D1CC6259E006E6E8D /* PBXTargetDependency */,
			);
			name = nlp100UITests;
			productName = nlp100UITests;
			productReference = 8483332B1CC6259E006E6E8D /* nlp100UITests.xctest */;
			productType = "com.apple.product-type.bundle.ui-testing";
		};
/* End PBXNativeTarget section */

/* Begin PBXProject section */
		848333071CC6259D006E6E8D /* Project object */ = {
			isa = PBXProject;
			attributes = {
				LastSwiftUpdateCheck = 0730;
				LastUpgradeCheck = 0730;
				ORGANIZATIONNAME = "はるふ";
				TargetAttributes = {
					8483330E1CC6259D006E6E8D = {
						CreatedOnToolsVersion = 7.3;
					};
					8483331F1CC6259E006E6E8D = {
						CreatedOnToolsVersion = 7.3;
						TestTargetID = 8483330E1CC6259D006E6E8D;
					};
					8483332A1CC6259E006E6E8D = {
						CreatedOnToolsVersion = 7.3;
						TestTargetID = 8483330E1CC6259D006E6E8D;
					};
				};
			};
			buildConfigurationList = 8483330A1CC6259D006E6E8D /* Build configuration list for PBXProject "nlp100" */;
			compatibilityVersion = "Xcode 3.2";
			developmentRegion = English;
			hasScannedForEncodings = 0;
			knownRegions = (
				en,
				Base,
			);
			mainGroup = 848333061CC6259D006E6E8D;
			productRefGroup = 848333101CC6259D006E6E8D /* Products */;
			projectDirPath = "";
			projectRoot = "";
			targets = (
				8483330E1CC6259D006E6E8D /* nlp100 */,
				8483331F1CC6259E006E6E8D /* nlp100Tests */,
				8483332A1CC6259E006E6E8D /* nlp100UITests */,
			);
		};
/* End PBXProject section */

/* Begin PBXResourcesBuildPhase section */
		8483330D1CC6259D006E6E8D /* Resources */ = {
			isa = PBXResourcesBuildPhase;
			buildActionMask = 2147483647;
			files = (
				848333171CC6259D006E6E8D /* Assets.xcassets in Resources */,
				8483331A1CC6259E006E6E8D /* Main.storyboard in Resources */,
			);
			runOnlyForDeploymentPostprocessing = 0;
		};
		8483331E1CC6259E006E6E8D /* Resources */ = {
			isa = PBXResourcesBuildPhase;
			buildActionMask = 2147483647;
			files = (
			);
			runOnlyForDeploymentPostprocessing = 0;
		};
		848333291CC6259E006E6E8D /* Resources */ = {
			isa = PBXResourcesBuildPhase;
			buildActionMask = 2147483647;
			files = (
			);
			runOnlyForDeploymentPostprocessing = 0;
		};
/* End PBXResourcesBuildPhase section */

/* Begin PBXSourcesBuildPhase section */
		8483330B1CC6259D006E6E8D /* Sources */ = {
			isa = PBXSourcesBuildPhase;
			buildActionMask = 2147483647;
			files = (
				848333151CC6259D006E6E8D /* ViewController.swift in Sources */,
				848333131CC6259D006E6E8D /* AppDelegate.swift in Sources */,
				848333401CC6264D006E6E8D /* Nlp100.swift in Sources */,
				848333431CC739C7006E6E8D /* NN.swift in Sources */,
			);
			runOnlyForDeploymentPostprocessing = 0;
		};
		8483331C1CC6259E006E6E8D /* Sources */ = {
			isa = PBXSourcesBuildPhase;
			buildActionMask = 2147483647;
			files = (
				848333251CC6259E006E6E8D /* nlp100Tests.swift in Sources */,
			);
			runOnlyForDeploymentPostprocessing = 0;
		};
		848333271CC6259E006E6E8D /* Sources */ = {
			isa = PBXSourcesBuildPhase;
			buildActionMask = 2147483647;
			files = (
				848333301CC6259E006E6E8D /* nlp100UITests.swift in Sources */,
			);
			runOnlyForDeploymentPostprocessing = 0;
		};
/* End PBXSourcesBuildPhase section */

/* Begin PBXTargetDependency section */
		848333221CC6259E006E6E8D /* PBXTargetDependency */ = {
			isa = PBXTargetDependency;
			target = 8483330E1CC6259D006E6E8D /* nlp100 */;
			targetProxy = 848333211CC6259E006E6E8D /* PBXContainerItemProxy */;
		};
		8483332D1CC6259E006E6E8D /* PBXTargetDependency */ = {
			isa = PBXTargetDependency;
			target = 8483330E1CC6259D006E6E8D /* nlp100 */;
			targetProxy = 8483332C1CC6259E006E6E8D /* PBXContainerItemProxy */;
		};
/* End PBXTargetDependency section */

/* Begin PBXVariantGroup section */
		848333181CC6259E006E6E8D /* Main.storyboard */ = {
			isa = PBXVariantGroup;
			children = (
				848333191CC6259E006E6E8D /* Base */,
			);
			name = Main.storyboard;
			sourceTree = "<group>";
		};
/* End PBXVariantGroup section */

/* Begin XCBuildConfiguration section */
		848333321CC6259E006E6E8D /* Debug */ = {
			isa = XCBuildConfiguration;
			buildSettings = {
				ALWAYS_SEARCH_USER_PATHS = NO;
				CLANG_ANALYZER_NONNULL = YES;
				CLANG_CXX_LANGUAGE_STANDARD = "gnu++0x";
				CLANG_CXX_LIBRARY = "libc++";
				CLANG_ENABLE_MODULES = YES;
				CLANG_ENABLE_OBJC_ARC = YES;
				CLANG_WARN_BOOL_CONVERSION = YES;
				CLANG_WARN_CONSTANT_CONVERSION = YES;
				CLANG_WARN_DIRECT_OBJC_ISA_USAGE = YES_ERROR;
				CLANG_WARN_EMPTY_BODY = YES;
				CLANG_WARN_ENUM_CONVERSION = YES;
				CLANG_WARN_INT_CONVERSION = YES;
				CLANG_WARN_OBJC_ROOT_CLASS = YES_ERROR;
				CLANG_WARN_UNREACHABLE_CODE = YES;
				CLANG_WARN__DUPLICATE_METHOD_MATCH = YES;
				CODE_SIGN_IDENTITY = "-";
				COPY_PHASE_STRIP = NO;
				DEBUG_INFORMATION_FORMAT = dwarf;
				ENABLE_STRICT_OBJC_MSGSEND = YES;
				ENABLE_TESTABILITY = YES;
				GCC_C_LANGUAGE_STANDARD = gnu99;
				GCC_DYNAMIC_NO_PIC = NO;
				GCC_NO_COMMON_BLOCKS = YES;
				GCC_OPTIMIZATION_LEVEL = 0;
				GCC_PREPROCESSOR_DEFINITIONS = (
					"DEBUG=1",
					"$(inherited)",
				);
				GCC_WARN_64_TO_32_BIT_CONVERSION = YES;
				GCC_WARN_ABOUT_RETURN_TYPE = YES_ERROR;
				GCC_WARN_UNDECLARED_SELECTOR = YES;
				GCC_WARN_UNINITIALIZED_AUTOS = YES_AGGRESSIVE;
				GCC_WARN_UNUSED_FUNCTION = YES;
				GCC_WARN_UNUSED_VARIABLE = YES;
				MACOSX_DEPLOYMENT_TARGET = 10.11;
				MTL_ENABLE_DEBUG_INFO = YES;
				ONLY_ACTIVE_ARCH = YES;
				SDKROOT = macosx;
				SWIFT_OPTIMIZATION_LEVEL = "-Onone";
			};
			name = Debug;
		};
		848333331CC6259E006E6E8D /* Release */ = {
			isa = XCBuildConfiguration;
			buildSettings = {
				ALWAYS_SEARCH_USER_PATHS = NO;
				CLANG_ANALYZER_NONNULL = YES;
				CLANG_CXX_LANGUAGE_STANDARD = "gnu++0x";
				CLANG_CXX_LIBRARY = "libc++";
				CLANG_ENABLE_MODULES = YES;
				CLANG_ENABLE_OBJC_ARC = YES;
				CLANG_WARN_BOOL_CONVERSION = YES;
				CLANG_WARN_CONSTANT_CONVERSION = YES;
				CLANG_WARN_DIRECT_OBJC_ISA_USAGE = YES_ERROR;
				CLANG_WARN_EMPTY_BODY = YES;
				CLANG_WARN_ENUM_CONVERSION = YES;
				CLANG_WARN_INT_CONVERSION = YES;
				CLANG_WARN_OBJC_ROOT_CLASS = YES_ERROR;
				CLANG_WARN_UNREACHABLE_CODE = YES;
				CLANG_WARN__DUPLICATE_METHOD_MATCH = YES;
				CODE_SIGN_IDENTITY = "-";
				COPY_PHASE_STRIP = NO;
				DEBUG_INFORMATION_FORMAT = "dwarf-with-dsym";
				ENABLE_NS_ASSERTIONS = NO;
				ENABLE_STRICT_OBJC_MSGSEND = YES;
				GCC_C_LANGUAGE_STANDARD = gnu99;
				GCC_NO_COMMON_BLOCKS = YES;
				GCC_WARN_64_TO_32_BIT_CONVERSION = YES;
				GCC_WARN_ABOUT_RETURN_TYPE = YES_ERROR;
				GCC_WARN_UNDECLARED_SELECTOR = YES;
				GCC_WARN_UNINITIALIZED_AUTOS = YES_AGGRESSIVE;
				GCC_WARN_UNUSED_FUNCTION = YES;
				GCC_WARN_UNUSED_VARIABLE = YES;
				MACOSX_DEPLOYMENT_TARGET = 10.11;
				MTL_ENABLE_DEBUG_INFO = NO;
				SDKROOT = macosx;
			};
			name = Release;
		};
		848333351CC6259E006E6E8D /* Debug */ = {
			isa = XCBuildConfiguration;
			buildSettings = {
				ASSETCATALOG_COMPILER_APPICON_NAME = AppIcon;
				COMBINE_HIDPI_IMAGES = YES;
				INFOPLIST_FILE = nlp100/Info.plist;
				LD_RUNPATH_SEARCH_PATHS = "$(inherited) @executable_path/../Frameworks";
				PRODUCT_BUNDLE_IDENTIFIER = com.ha1f.nlp100;
				PRODUCT_NAME = "$(TARGET_NAME)";
			};
			name = Debug;
		};
		848333361CC6259E006E6E8D /* Release */ = {
			isa = XCBuildConfiguration;
			buildSettings = {
				ASSETCATALOG_COMPILER_APPICON_NAME = AppIcon;
				COMBINE_HIDPI_IMAGES = YES;
				INFOPLIST_FILE = nlp100/Info.plist;
				LD_RUNPATH_SEARCH_PATHS = "$(inherited) @executable_path/../Frameworks";
				PRODUCT_BUNDLE_IDENTIFIER = com.ha1f.nlp100;
				PRODUCT_NAME = "$(TARGET_NAME)";
			};
			name = Release;
		};
		848333381CC6259E006E6E8D /* Debug */ = {
			isa = XCBuildConfiguration;
			buildSettings = {
				BUNDLE_LOADER = "$(TEST_HOST)";
				COMBINE_HIDPI_IMAGES = YES;
				INFOPLIST_FILE = nlp100Tests/Info.plist;
				LD_RUNPATH_SEARCH_PATHS = "$(inherited) @executable_path/../Frameworks @loader_path/../Frameworks";
				PRODUCT_BUNDLE_IDENTIFIER = com.ha1f.nlp100Tests;
				PRODUCT_NAME = "$(TARGET_NAME)";
				TEST_HOST = "$(BUILT_PRODUCTS_DIR)/nlp100.app/Contents/MacOS/nlp100";
			};
			name = Debug;
		};
		848333391CC6259E006E6E8D /* Release */ = {
			isa = XCBuildConfiguration;
			buildSettings = {
				BUNDLE_LOADER = "$(TEST_HOST)";
				COMBINE_HIDPI_IMAGES = YES;
				INFOPLIST_FILE = nlp100Tests/Info.plist;
				LD_RUNPATH_SEARCH_PATHS = "$(inherited) @executable_path/../Frameworks @loader_path/../Frameworks";
				PRODUCT_BUNDLE_IDENTIFIER = com.ha1f.nlp100Tests;
				PRODUCT_NAME = "$(TARGET_NAME)";
				TEST_HOST = "$(BUILT_PRODUCTS_DIR)/nlp100.app/Contents/MacOS/nlp100";
			};
			name = Release;
		};
		8483333B1CC6259E006E6E8D /* Debug */ = {
			isa = XCBuildConfiguration;
			buildSettings = {
				COMBINE_HIDPI_IMAGES = YES;
				INFOPLIST_FILE = nlp100UITests/Info.plist;
				LD_RUNPATH_SEARCH_PATHS = "$(inherited) @executable_path/../Frameworks @loader_path/../Frameworks";
				PRODUCT_BUNDLE_IDENTIFIER = com.ha1f.nlp100UITests;
				PRODUCT_NAME = "$(TARGET_NAME)";
				TEST_TARGET_NAME = nlp100;
			};
			name = Debug;
		};
		8483333C1CC6259E006E6E8D /* Release */ = {
			isa = XCBuildConfiguration;
			buildSettings = {
				COMBINE_HIDPI_IMAGES = YES;
				INFOPLIST_FILE = nlp100UITests/Info.plist;
				LD_RUNPATH_SEARCH_PATHS = "$(inherited) @executable_path/../Frameworks @loader_path/../Frameworks";
				PRODUCT_BUNDLE_IDENTIFIER = com.ha1f.nlp100UITests;
				PRODUCT_NAME = "$(TARGET_NAME)";
				TEST_TARGET_NAME = nlp100;
			};
			name = Release;
		};
/* End XCBuildConfiguration section */

/* Begin XCConfigurationList section */
		8483330A1CC6259D006E6E8D /* Build configuration list for PBXProject "nlp100" */ = {
			isa = XCConfigurationList;
			buildConfigurations = (
				848333321CC6259E006E6E8D /* Debug */,
				848333331CC6259E006E6E8D /* Release */,
			);
			defaultConfigurationIsVisible = 0;
			defaultConfigurationName = Release;
		};
		848333341CC6259E006E6E8D /* Build configuration list for PBXNativeTarget "nlp100" */ = {
			isa = XCConfigurationList;
			buildConfigurations = (
				848333351CC6259E006E6E8D /* Debug */,
				848333361CC6259E006E6E8D /* Release */,
			);
			defaultConfigurationIsVisible = 0;
		};
		848333371CC6259E006E6E8D /* Build configuration list for PBXNativeTarget "nlp100Tests" */ = {
			isa = XCConfigurationList;
			buildConfigurations = (
				848333381CC6259E006E6E8D /* Debug */,
				848333391CC6259E006E6E8D /* Release */,
			);
			defaultConfigurationIsVisible = 0;
		};
		8483333A1CC6259E006E6E8D /* Build configuration list for PBXNativeTarget "nlp100UITests" */ = {
			isa = XCConfigurationList;
			buildConfigurations = (
				8483333B1CC6259E006E6E8D /* Debug */,
				8483333C1CC6259E006E6E8D /* Release */,
			);
			defaultConfigurationIsVisible = 0;
		};
/* End XCConfigurationList section */
	};
	rootObject = 848333071CC6259D006E6E8D /* Project object */;
}
